// !$*UTF8*$!
{
	archiveVersion = 1;
	classes = {
	};
	objectVersion = 38;
	objects = {
		FA1BFB3F043DDA7401664092 = {
			children = (
				FA1BFB4F043DE2EF01664092,
				FA1BFB53043DE32001664092,
				FA1BFB52043DE30B01664092,
				FA1BFB4B043DDAA901664092,
			);
			isa = PBXGroup;
			refType = 4;
		};
		FA1BFB41043DDA7401664092 = {
			buildRules = (
			);
			buildSettings = {
				COPY_PHASE_STRIP = NO;
			};
			isa = PBXBuildStyle;
			name = Development;
		};
		FA1BFB42043DDA7401664092 = {
			buildRules = (
			);
			buildSettings = {
				COPY_PHASE_STRIP = YES;
			};
			isa = PBXBuildStyle;
			name = Deployment;
		};
		FA1BFB43043DDA7401664092 = {
			buildStyles = (
				FA1BFB41043DDA7401664092,
				FA1BFB42043DDA7401664092,
			);
			isa = PBXProject;
			mainGroup = FA1BFB3F043DDA7401664092;
			productRefGroup = FA1BFB4B043DDAA901664092;
			projectDirPath = "";
			targets = (
				FA1BFB49043DDAA901664092,
			);
		};
		FA1BFB44043DDAA901664092 = {
			buildActionMask = 2147483647;
			files = (
				FAB0013704CC327F01664092,
				FAB0013E04CC32C801664092,
				FAB0014004CC32C801664092,
				FAB0014104CC32C801664092,
			);
			isa = PBXHeadersBuildPhase;
			runOnlyForDeploymentPostprocessing = 0;
		};
		FA1BFB45043DDAA901664092 = {
			buildActionMask = 2147483647;
			files = (
				FA1BFB5B043DE35201664092,
				FAB0014504CC339F01664092,
				FAB0014604CC339F01664092,
			);
			isa = PBXResourcesBuildPhase;
			runOnlyForDeploymentPostprocessing = 0;
		};
		FA1BFB46043DDAA901664092 = {
			buildActionMask = 2147483647;
			files = (
				FAB0013604CC327F01664092,
				FAB0013D04CC32C801664092,
				FAB0013F04CC32C801664092,
			);
			isa = PBXSourcesBuildPhase;
			runOnlyForDeploymentPostprocessing = 0;
		};
		FA1BFB47043DDAA901664092 = {
			buildActionMask = 2147483647;
			files = (
				FA1BFBFC043DE3AA01664092,
			);
			isa = PBXFrameworksBuildPhase;
			runOnlyForDeploymentPostprocessing = 0;
		};
		FA1BFB48043DDAA901664092 = {
			buildActionMask = 2147483647;
			files = (
			);
			isa = PBXRezBuildPhase;
			runOnlyForDeploymentPostprocessing = 0;
		};
		FA1BFB49043DDAA901664092 = {
			buildPhases = (
				FAB0014204CC335A01664092,
				FA1BFB44043DDAA901664092,
				FA1BFB45043DDAA901664092,
				FA1BFB46043DDAA901664092,
				FA1BFB47043DDAA901664092,
				FA1BFB48043DDAA901664092,
				FA1BFB4D043DE29401664092,
				FA1BFB4E043DE29A01664092,
			);
			buildSettings = {
				DEBUGGING_SYMBOLS = NO;
				HEADER_SEARCH_PATHS = "";
				INSTALL_PATH = "$(HOME)/Library/Audio/Plug-Ins/VST";
				LIBRARY_SEARCH_PATHS = "";
				OPTIMIZATION_CFLAGS = "-O3";
				OTHER_CFLAGS = "";
				OTHER_LDFLAGS = "";
				OTHER_REZFLAGS = "";
				PREBINDING = NO;
				PREFIX_HEADER = vstplugsmacho.h;
				PRODUCT_NAME = XspifDelay;
				SECTORDER_FLAGS = "";
				USE_GCC3_PFE_SUPPORT = YES;
				WARNING_CFLAGS = "-Wmain -Wmost -Wno-four-char-constants -Wno-unknown-pragmas";
				WRAPPER_EXTENSION = vst;
			};
			dependencies = (
			);
			isa = PBXBundleTarget;
			name = XspifDelay;
			productInstallPath = "$(HOME)/Library/Audio/Plug-Ins/VST";
			productName = jMaxVST;
			productReference = FA1BFB4A043DDAA901664092;
			productSettingsXML = "<?xml version=\"1.0\" encoding=\"UTF-8\"?>
<!DOCTYPE plist PUBLIC \"-//Apple Computer//DTD PLIST 1.0//EN\" \"http://www.apple.com/DTDs/PropertyList-1.0.dtd\">
<plist version=\"1.0\">
<dict>
	<key>CFBundleDevelopmentRegion</key>
	<string>English</string>
	<key>CFBundleExecutable</key>
	<string>XspifDelay</string>
	<key>CFBundleGetInfoString</key>
	<string>XspifDelay.vst</string>
	<key>CFBundleIconFile</key>
	<string></string>
	<key>CFBundleIdentifier</key>
	<string></string>
	<key>CFBundleInfoDictionaryVersion</key>
	<string>6.0</string>
	<key>CFBundleName</key>
	<string>XspifDelay.vst</string>
	<key>CFBundlePackageType</key>
	<string>BNDL</string>
	<key>CFBundleShortVersionString</key>
	<string>XspifDelay.vst</string>
	<key>CFBundleSignature</key>
	<string>????</string>
	<key>CFBundleVersion</key>
	<string>0.0.1d1</string>
	<key>CSResourcesFileMapped</key>
	<true/>
</dict>
</plist>
";
			shouldUseHeadermap = 0;
		};
		FA1BFB4A043DDAA901664092 = {
			isa = PBXBundleReference;
			path = XspifDelay.vst;
			refType = 3;
		};
		FA1BFB4B043DDAA901664092 = {
			children = (
				FA1BFB4A043DDAA901664092,
			);
			isa = PBXGroup;
			name = Products;
			refType = 4;
		};
		FA1BFB4D043DE29401664092 = {
			buildActionMask = 2147483647;
			files = (
			);
			generatedFileNames = (
			);
			isa = PBXShellScriptBuildPhase;
			neededFileNames = (
			);
			runOnlyForDeploymentPostprocessing = 0;
			shellPath = /bin/sh;
			shellScript = "cp PkgInfo build/XspifDelay.vst/Contents/";
		};
		FA1BFB4E043DE29A01664092 = {
			buildActionMask = 2147483647;
			files = (
			);
			generatedFileNames = (
			);
			isa = PBXShellScriptBuildPhase;
			neededFileNames = (
			);
			runOnlyForDeploymentPostprocessing = 0;
			shellPath = /bin/sh;
			shellScript = "cp -r build/XspifDelay.vst $HOME/Library/Audio/Plug-Ins/VST/";
		};
		FA1BFB4F043DE2EF01664092 = {
			children = (
				FA1BFB51043DE30101664092,
				FA1BFB50043DE2F601664092,
				FAB0014304CC339F01664092,
				FAB0014404CC339F01664092,
			);
			isa = PBXGroup;
			name = source;
			refType = 4;
		};
		FA1BFB50043DE2F601664092 = {
			children = (
				FAB0013404CC327F01664092,
				FAB0013504CC327F01664092,
			);
			isa = PBXGroup;
			name = delay.vst;
			path = "";
			refType = 2;
		};
		FA1BFB51043DE30101664092 = {
			children = (
				FAB0013804CC32C801664092,
				FAB0013904CC32C801664092,
				FAB0013A04CC32C801664092,
				FAB0013B04CC32C801664092,
				FAB0013C04CC32C801664092,
			);
			isa = PBXGroup;
			name = common;
			refType = 4;
		};
		FA1BFB52043DE30B01664092 = {
			children = (
				FA1BFB64043DE3A901664092,
			);
			isa = PBXGroup;
			name = "framework and lib";
			refType = 4;
		};
		FA1BFB53043DE32001664092 = {
			children = (
				FA1BFB5A043DE35201664092,
			);
			isa = PBXGroup;
			name = resources;
			refType = 4;
		};
		FA1BFB5A043DE35201664092 = {
			isa = PBXFileReference;
			path = PkgInfo;
			refType = 4;
		};
		FA1BFB5B043DE35201664092 = {
			fileRef = FA1BFB5A043DE35201664092;
			isa = PBXBuildFile;
			settings = {
			};
		};
		FA1BFB64043DE3A901664092 = {
			isa = PBXFrameworkReference;
			name = Carbon.framework;
			path = /System/Library/Frameworks/Carbon.framework;
			refType = 0;
		};
		FA1BFBFC043DE3AA01664092 = {
			fileRef = FA1BFB64043DE3A901664092;
			isa = PBXBuildFile;
			settings = {
			};
		};
		FAB0013404CC327F01664092 = {
			isa = PBXFileReference;
			name = XspifDelay.vst.cpp;
			path = ../XspifDelay.vst.cpp;
			refType = 2;
		};
		FAB0013504CC327F01664092 = {
			isa = PBXFileReference;
			name = XspifDelay.vst.hpp;
			path = ../XspifDelay.vst.hpp;
			refType = 2;
		};
		FAB0013604CC327F01664092 = {
			fileRef = FAB0013404CC327F01664092;
			isa = PBXBuildFile;
			settings = {
			};
		};
		FAB0013704CC327F01664092 = {
			fileRef = FAB0013504CC327F01664092;
			isa = PBXBuildFile;
			settings = {
			};
		};
		FAB0013804CC32C801664092 = {
			isa = PBXFileReference;
			name = AudioEffect.cpp;
			path = ../../../../../vstsdk2.3/source/common/AudioEffect.cpp;
			refType = 2;
		};
		FAB0013904CC32C801664092 = {
			isa = PBXFileReference;
			name = AudioEffect.hpp;
			path = ../../../../../vstsdk2.3/source/common/AudioEffect.hpp;
			refType = 2;
		};
		FAB0013A04CC32C801664092 = {
			isa = PBXFileReference;
			name = audioeffectx.cpp;
			path = ../../../../../vstsdk2.3/source/common/audioeffectx.cpp;
			refType = 2;
		};
		FAB0013B04CC32C801664092 = {
			isa = PBXFileReference;
			name = audioeffectx.h;
			path = ../../../../../vstsdk2.3/source/common/audioeffectx.h;
			refType = 2;
		};
		FAB0013C04CC32C801664092 = {
			isa = PBXFileReference;
			name = vstplugsmacho.h;
			path = ../../../../../vstsdk2.3/source/common/vstplugsmacho.h;
			refType = 2;
		};
		FAB0013D04CC32C801664092 = {
			fileRef = FAB0013804CC32C801664092;
			isa = PBXBuildFile;
			settings = {
			};
		};
		FAB0013E04CC32C801664092 = {
			fileRef = FAB0013904CC32C801664092;
			isa = PBXBuildFile;
			settings = {
			};
		};
		FAB0013F04CC32C801664092 = {
			fileRef = FAB0013A04CC32C801664092;
			isa = PBXBuildFile;
			settings = {
			};
		};
		FAB0014004CC32C801664092 = {
			fileRef = FAB0013B04CC32C801664092;
			isa = PBXBuildFile;
			settings = {
			};
		};
		FAB0014104CC32C801664092 = {
			fileRef = FAB0013C04CC32C801664092;
			isa = PBXBuildFile;
			settings = {
			};
		};
		FAB0014204CC335A01664092 = {
			buildActionMask = 2147483647;
			files = (
			);
			generatedFileNames = (
			);
			isa = PBXShellScriptBuildPhase;
			neededFileNames = (
			);
			runOnlyForDeploymentPostprocessing = 0;
			shellPath = /bin/csh;
			shellScript = "python ../../../../python/xspif2vst.py ../../../XspifDelay.xml";
		};
		FAB0014304CC339F01664092 = {
			isa = PBXFileReference;
			name = xspif.dtd;
			path = ../../../xspif.dtd;
			refType = 2;
		};
		FAB0014404CC339F01664092 = {
			isa = PBXFileReference;
			name = XspifDelay.xml;
			path = ../../../XspifDelay.xml;
			refType = 2;
		};
		FAB0014504CC339F01664092 = {
			fileRef = FAB0014304CC339F01664092;
			isa = PBXBuildFile;
			settings = {
			};
		};
		FAB0014604CC339F01664092 = {
			fileRef = FAB0014404CC339F01664092;
			isa = PBXBuildFile;
			settings = {
			};
		};
	};
	rootObject = FA1BFB43043DDA7401664092;
}
